
Microsoft Visual Studio Solution File, Format Version 12.00
# Visual Studio 14
VisualStudioVersion = 14.0.25420.1
MinimumVisualStudioVersion = 10.0.40219.1
Project("{FAE04EC0-301F-11D3-BF4B-00C04F79EFBC}") = "LorakonSniff", "LorakonSniff.csproj", "{80262C36-C9A7-4D76-BF9E-B0447C90A945}"
EndProject
Project("{54435603-DBB4-11D2-8724-00A0C9A8B90C}") = "Setup", "Setup\Setup.vdproj", "{CCC19AEA-DDAD-4127-8852-FF7E6057DA2B}"
EndProject
Global
	GlobalSection(SolutionConfigurationPlatforms) = preSolution
		Debug|Any CPU = Debug|Any CPU
		Release|Any CPU = Release|Any CPU
	EndGlobalSection
	GlobalSection(ProjectConfigurationPlatforms) = postSolution
		{80262C36-C9A7-4D76-BF9E-B0447C90A945}.Debug|Any CPU.ActiveCfg = Debug|Any CPU
		{80262C36-C9A7-4D76-BF9E-B0447C90A945}.Debug|Any CPU.Build.0 = Debug|Any CPU
		{80262C36-C9A7-4D76-BF9E-B0447C90A945}.Release|Any CPU.ActiveCfg = Release|Any CPU
		{80262C36-C9A7-4D76-BF9E-B0447C90A945}.Release|Any CPU.Build.0 = Release|Any CPU
		{CCC19AEA-DDAD-4127-8852-FF7E6057DA2B}.Debug|Any CPU.ActiveCfg = Debug
		{CCC19AEA-DDAD-4127-8852-FF7E6057DA2B}.Release|Any CPU.ActiveCfg = Release
	EndGlobalSection
	GlobalSection(SolutionProperties) = preSolution
		HideSolutionNode = FALSE
	EndGlobalSection
EndGlobal
